
Microsoft Visual Studio Solution File, Format Version 12.00
# Visual Studio 15
VisualStudioVersion = 15.0.27703.2026
MinimumVisualStudioVersion = 10.0.40219.1
Project("{FAE04EC0-301F-11D3-BF4B-00C04F79EFBC}") = "InternshipLogger", "InternshipLogger\InternshipLogger.csproj", "{7D0F1E33-031D-4B9F-BED3-D345A7BB6BDF}"
EndProject
Global
	GlobalSection(SolutionConfigurationPlatforms) = preSolution
		Debug|Any CPU = Debug|Any CPU
		Release|Any CPU = Release|Any CPU
	EndGlobalSection
	GlobalSection(ProjectConfigurationPlatforms) = postSolution
		{7D0F1E33-031D-4B9F-BED3-D345A7BB6BDF}.Debug|Any CPU.ActiveCfg = Debug|Any CPU
		{7D0F1E33-031D-4B9F-BED3-D345A7BB6BDF}.Debug|Any CPU.Build.0 = Debug|Any CPU
		{7D0F1E33-031D-4B9F-BED3-D345A7BB6BDF}.Release|Any CPU.ActiveCfg = Release|Any CPU
		{7D0F1E33-031D-4B9F-BED3-D345A7BB6BDF}.Release|Any CPU.Build.0 = Release|Any CPU
	EndGlobalSection
	GlobalSection(SolutionProperties) = preSolution
		HideSolutionNode = FALSE
	EndGlobalSection
	GlobalSection(ExtensibilityGlobals) = postSolution
		SolutionGuid = {A9E76B0F-91A6-4269-A35C-DF5F9AE49DD7}
	EndGlobalSection
EndGlobal
